
Microsoft Visual Studio Solution File, Format Version 12.00
# Visual Studio Version 16
VisualStudioVersion = 16.0.31424.327
MinimumVisualStudioVersion = 10.0.40219.1
Project("{8BC9CEB8-8B4A-11D0-8D11-00A0C91BC942}") = "1260_DFS,BFS", "1260_DFS,BFS\1260_DFS,BFS.vcxproj", "{18B9B5D6-CB57-4FCB-B173-3FEDB462E6A5}"
EndProject
Project("{8BC9CEB8-8B4A-11D0-8D11-00A0C91BC942}") = "2606", "2606\2606.vcxproj", "{C077264E-BEA0-467F-8351-62C9896EC5E4}"
EndProject
Global
	GlobalSection(SolutionConfigurationPlatforms) = preSolution
		Debug|x64 = Debug|x64
		Debug|x86 = Debug|x86
		Release|x64 = Release|x64
		Release|x86 = Release|x86
	EndGlobalSection
	GlobalSection(ProjectConfigurationPlatforms) = postSolution
		{18B9B5D6-CB57-4FCB-B173-3FEDB462E6A5}.Debug|x64.ActiveCfg = Debug|x64
		{18B9B5D6-CB57-4FCB-B173-3FEDB462E6A5}.Debug|x64.Build.0 = Debug|x64
		{18B9B5D6-CB57-4FCB-B173-3FEDB462E6A5}.Debug|x86.ActiveCfg = Debug|Win32
		{18B9B5D6-CB57-4FCB-B173-3FEDB462E6A5}.Debug|x86.Build.0 = Debug|Win32
		{18B9B5D6-CB57-4FCB-B173-3FEDB462E6A5}.Release|x64.ActiveCfg = Release|x64
		{18B9B5D6-CB57-4FCB-B173-3FEDB462E6A5}.Release|x64.Build.0 = Release|x64
		{18B9B5D6-CB57-4FCB-B173-3FEDB462E6A5}.Release|x86.ActiveCfg = Release|Win32
		{18B9B5D6-CB57-4FCB-B173-3FEDB462E6A5}.Release|x86.Build.0 = Release|Win32
		{C077264E-BEA0-467F-8351-62C9896EC5E4}.Debug|x64.ActiveCfg = Debug|x64
		{C077264E-BEA0-467F-8351-62C9896EC5E4}.Debug|x64.Build.0 = Debug|x64
		{C077264E-BEA0-467F-8351-62C9896EC5E4}.Debug|x86.ActiveCfg = Debug|Win32
		{C077264E-BEA0-467F-8351-62C9896EC5E4}.Debug|x86.Build.0 = Debug|Win32
		{C077264E-BEA0-467F-8351-62C9896EC5E4}.Release|x64.ActiveCfg = Release|x64
		{C077264E-BEA0-467F-8351-62C9896EC5E4}.Release|x64.Build.0 = Release|x64
		{C077264E-BEA0-467F-8351-62C9896EC5E4}.Release|x86.ActiveCfg = Release|Win32
		{C077264E-BEA0-467F-8351-62C9896EC5E4}.Release|x86.Build.0 = Release|Win32
	EndGlobalSection
	GlobalSection(SolutionProperties) = preSolution
		HideSolutionNode = FALSE
	EndGlobalSection
	GlobalSection(ExtensibilityGlobals) = postSolution
		SolutionGuid = {ED0E7802-0E66-4BCD-AE27-78B9B9AC09F2}
	EndGlobalSection
EndGlobal
