
Microsoft Visual Studio Solution File, Format Version 12.00
# Visual Studio Version 16
VisualStudioVersion = 16.0.31424.327
MinimumVisualStudioVersion = 10.0.40219.1
Project("{8BC9CEB8-8B4A-11D0-8D11-00A0C91BC942}") = "binaryTree_linked", "binaryTree_linked\binaryTree_linked.vcxproj", "{17219DCC-C08C-4C97-82F9-B5AB34426BFD}"
EndProject
Project("{8BC9CEB8-8B4A-11D0-8D11-00A0C91BC942}") = "반복적순회", "반복적순회\반복적순회.vcxproj", "{899CBD13-4F0D-46F5-985A-02E3680198DB}"
EndProject
Project("{8BC9CEB8-8B4A-11D0-8D11-00A0C91BC942}") = "level_order", "level_order\level_order.vcxproj", "{A8C22073-4351-463A-AB78-7A4B55DD2D6F}"
EndProject
Project("{8BC9CEB8-8B4A-11D0-8D11-00A0C91BC942}") = "evaluate _tree", "evaluate _tree\evaluate _tree.vcxproj", "{4DE5813E-72DA-4C06-8A22-48EA169E89AD}"
EndProject
Global
	GlobalSection(SolutionConfigurationPlatforms) = preSolution
		Debug|x64 = Debug|x64
		Debug|x86 = Debug|x86
		Release|x64 = Release|x64
		Release|x86 = Release|x86
	EndGlobalSection
	GlobalSection(ProjectConfigurationPlatforms) = postSolution
		{17219DCC-C08C-4C97-82F9-B5AB34426BFD}.Debug|x64.ActiveCfg = Debug|x64
		{17219DCC-C08C-4C97-82F9-B5AB34426BFD}.Debug|x64.Build.0 = Debug|x64
		{17219DCC-C08C-4C97-82F9-B5AB34426BFD}.Debug|x86.ActiveCfg = Debug|Win32
		{17219DCC-C08C-4C97-82F9-B5AB34426BFD}.Debug|x86.Build.0 = Debug|Win32
		{17219DCC-C08C-4C97-82F9-B5AB34426BFD}.Release|x64.ActiveCfg = Release|x64
		{17219DCC-C08C-4C97-82F9-B5AB34426BFD}.Release|x64.Build.0 = Release|x64
		{17219DCC-C08C-4C97-82F9-B5AB34426BFD}.Release|x86.ActiveCfg = Release|Win32
		{17219DCC-C08C-4C97-82F9-B5AB34426BFD}.Release|x86.Build.0 = Release|Win32
		{899CBD13-4F0D-46F5-985A-02E3680198DB}.Debug|x64.ActiveCfg = Debug|x64
		{899CBD13-4F0D-46F5-985A-02E3680198DB}.Debug|x64.Build.0 = Debug|x64
		{899CBD13-4F0D-46F5-985A-02E3680198DB}.Debug|x86.ActiveCfg = Debug|Win32
		{899CBD13-4F0D-46F5-985A-02E3680198DB}.Debug|x86.Build.0 = Debug|Win32
		{899CBD13-4F0D-46F5-985A-02E3680198DB}.Release|x64.ActiveCfg = Release|x64
		{899CBD13-4F0D-46F5-985A-02E3680198DB}.Release|x64.Build.0 = Release|x64
		{899CBD13-4F0D-46F5-985A-02E3680198DB}.Release|x86.ActiveCfg = Release|Win32
		{899CBD13-4F0D-46F5-985A-02E3680198DB}.Release|x86.Build.0 = Release|Win32
		{A8C22073-4351-463A-AB78-7A4B55DD2D6F}.Debug|x64.ActiveCfg = Debug|x64
		{A8C22073-4351-463A-AB78-7A4B55DD2D6F}.Debug|x64.Build.0 = Debug|x64
		{A8C22073-4351-463A-AB78-7A4B55DD2D6F}.Debug|x86.ActiveCfg = Debug|Win32
		{A8C22073-4351-463A-AB78-7A4B55DD2D6F}.Debug|x86.Build.0 = Debug|Win32
		{A8C22073-4351-463A-AB78-7A4B55DD2D6F}.Release|x64.ActiveCfg = Release|x64
		{A8C22073-4351-463A-AB78-7A4B55DD2D6F}.Release|x64.Build.0 = Release|x64
		{A8C22073-4351-463A-AB78-7A4B55DD2D6F}.Release|x86.ActiveCfg = Release|Win32
		{A8C22073-4351-463A-AB78-7A4B55DD2D6F}.Release|x86.Build.0 = Release|Win32
		{4DE5813E-72DA-4C06-8A22-48EA169E89AD}.Debug|x64.ActiveCfg = Debug|x64
		{4DE5813E-72DA-4C06-8A22-48EA169E89AD}.Debug|x64.Build.0 = Debug|x64
		{4DE5813E-72DA-4C06-8A22-48EA169E89AD}.Debug|x86.ActiveCfg = Debug|Win32
		{4DE5813E-72DA-4C06-8A22-48EA169E89AD}.Debug|x86.Build.0 = Debug|Win32
		{4DE5813E-72DA-4C06-8A22-48EA169E89AD}.Release|x64.ActiveCfg = Release|x64
		{4DE5813E-72DA-4C06-8A22-48EA169E89AD}.Release|x64.Build.0 = Release|x64
		{4DE5813E-72DA-4C06-8A22-48EA169E89AD}.Release|x86.ActiveCfg = Release|Win32
		{4DE5813E-72DA-4C06-8A22-48EA169E89AD}.Release|x86.Build.0 = Release|Win32
	EndGlobalSection
	GlobalSection(SolutionProperties) = preSolution
		HideSolutionNode = FALSE
	EndGlobalSection
	GlobalSection(ExtensibilityGlobals) = postSolution
		SolutionGuid = {D773C14E-A931-49E8-88FA-BB63D7265F40}
	EndGlobalSection
EndGlobal
