
Microsoft Visual Studio Solution File, Format Version 12.00
# Visual Studio Version 16
VisualStudioVersion = 16.0.31424.327
MinimumVisualStudioVersion = 10.0.40219.1
Project("{8BC9CEB8-8B4A-11D0-8D11-00A0C91BC942}") = "순열", "순열\순열.vcxproj", "{F609A31B-D238-4132-97C8-F501041886A1}"
EndProject
Project("{8BC9CEB8-8B4A-11D0-8D11-00A0C91BC942}") = "1062", "1062\1062.vcxproj", "{B0C99CC8-B3DF-4CAC-931E-CBD4C088D360}"
EndProject
Project("{8BC9CEB8-8B4A-11D0-8D11-00A0C91BC942}") = "2839", "2839\2839.vcxproj", "{E2657CB7-33C1-4D89-85CA-FC6322FB20CC}"
EndProject
Project("{8BC9CEB8-8B4A-11D0-8D11-00A0C91BC942}") = "14888", "14888\14888.vcxproj", "{65BD7ED4-83F6-42E0-8D07-21F350FD5748}"
EndProject
Project("{8BC9CEB8-8B4A-11D0-8D11-00A0C91BC942}") = "조합", "조합\조합.vcxproj", "{C35EACD1-36C8-4179-AE18-288AF6C71993}"
EndProject
Global
	GlobalSection(SolutionConfigurationPlatforms) = preSolution
		Debug|x64 = Debug|x64
		Debug|x86 = Debug|x86
		Release|x64 = Release|x64
		Release|x86 = Release|x86
	EndGlobalSection
	GlobalSection(ProjectConfigurationPlatforms) = postSolution
		{F609A31B-D238-4132-97C8-F501041886A1}.Debug|x64.ActiveCfg = Debug|x64
		{F609A31B-D238-4132-97C8-F501041886A1}.Debug|x64.Build.0 = Debug|x64
		{F609A31B-D238-4132-97C8-F501041886A1}.Debug|x86.ActiveCfg = Debug|Win32
		{F609A31B-D238-4132-97C8-F501041886A1}.Debug|x86.Build.0 = Debug|Win32
		{F609A31B-D238-4132-97C8-F501041886A1}.Release|x64.ActiveCfg = Release|x64
		{F609A31B-D238-4132-97C8-F501041886A1}.Release|x64.Build.0 = Release|x64
		{F609A31B-D238-4132-97C8-F501041886A1}.Release|x86.ActiveCfg = Release|Win32
		{F609A31B-D238-4132-97C8-F501041886A1}.Release|x86.Build.0 = Release|Win32
		{B0C99CC8-B3DF-4CAC-931E-CBD4C088D360}.Debug|x64.ActiveCfg = Debug|x64
		{B0C99CC8-B3DF-4CAC-931E-CBD4C088D360}.Debug|x64.Build.0 = Debug|x64
		{B0C99CC8-B3DF-4CAC-931E-CBD4C088D360}.Debug|x86.ActiveCfg = Debug|Win32
		{B0C99CC8-B3DF-4CAC-931E-CBD4C088D360}.Debug|x86.Build.0 = Debug|Win32
		{B0C99CC8-B3DF-4CAC-931E-CBD4C088D360}.Release|x64.ActiveCfg = Release|x64
		{B0C99CC8-B3DF-4CAC-931E-CBD4C088D360}.Release|x64.Build.0 = Release|x64
		{B0C99CC8-B3DF-4CAC-931E-CBD4C088D360}.Release|x86.ActiveCfg = Release|Win32
		{B0C99CC8-B3DF-4CAC-931E-CBD4C088D360}.Release|x86.Build.0 = Release|Win32
		{E2657CB7-33C1-4D89-85CA-FC6322FB20CC}.Debug|x64.ActiveCfg = Debug|x64
		{E2657CB7-33C1-4D89-85CA-FC6322FB20CC}.Debug|x64.Build.0 = Debug|x64
		{E2657CB7-33C1-4D89-85CA-FC6322FB20CC}.Debug|x86.ActiveCfg = Debug|Win32
		{E2657CB7-33C1-4D89-85CA-FC6322FB20CC}.Debug|x86.Build.0 = Debug|Win32
		{E2657CB7-33C1-4D89-85CA-FC6322FB20CC}.Release|x64.ActiveCfg = Release|x64
		{E2657CB7-33C1-4D89-85CA-FC6322FB20CC}.Release|x64.Build.0 = Release|x64
		{E2657CB7-33C1-4D89-85CA-FC6322FB20CC}.Release|x86.ActiveCfg = Release|Win32
		{E2657CB7-33C1-4D89-85CA-FC6322FB20CC}.Release|x86.Build.0 = Release|Win32
		{65BD7ED4-83F6-42E0-8D07-21F350FD5748}.Debug|x64.ActiveCfg = Debug|x64
		{65BD7ED4-83F6-42E0-8D07-21F350FD5748}.Debug|x64.Build.0 = Debug|x64
		{65BD7ED4-83F6-42E0-8D07-21F350FD5748}.Debug|x86.ActiveCfg = Debug|Win32
		{65BD7ED4-83F6-42E0-8D07-21F350FD5748}.Debug|x86.Build.0 = Debug|Win32
		{65BD7ED4-83F6-42E0-8D07-21F350FD5748}.Release|x64.ActiveCfg = Release|x64
		{65BD7ED4-83F6-42E0-8D07-21F350FD5748}.Release|x64.Build.0 = Release|x64
		{65BD7ED4-83F6-42E0-8D07-21F350FD5748}.Release|x86.ActiveCfg = Release|Win32
		{65BD7ED4-83F6-42E0-8D07-21F350FD5748}.Release|x86.Build.0 = Release|Win32
		{C35EACD1-36C8-4179-AE18-288AF6C71993}.Debug|x64.ActiveCfg = Debug|x64
		{C35EACD1-36C8-4179-AE18-288AF6C71993}.Debug|x64.Build.0 = Debug|x64
		{C35EACD1-36C8-4179-AE18-288AF6C71993}.Debug|x86.ActiveCfg = Debug|Win32
		{C35EACD1-36C8-4179-AE18-288AF6C71993}.Debug|x86.Build.0 = Debug|Win32
		{C35EACD1-36C8-4179-AE18-288AF6C71993}.Release|x64.ActiveCfg = Release|x64
		{C35EACD1-36C8-4179-AE18-288AF6C71993}.Release|x64.Build.0 = Release|x64
		{C35EACD1-36C8-4179-AE18-288AF6C71993}.Release|x86.ActiveCfg = Release|Win32
		{C35EACD1-36C8-4179-AE18-288AF6C71993}.Release|x86.Build.0 = Release|Win32
	EndGlobalSection
	GlobalSection(SolutionProperties) = preSolution
		HideSolutionNode = FALSE
	EndGlobalSection
	GlobalSection(ExtensibilityGlobals) = postSolution
		SolutionGuid = {DBC42916-1FEC-48ED-B218-7D96E546511F}
	EndGlobalSection
EndGlobal
